
Microsoft Visual Studio Solution File, Format Version 12.00
# Visual Studio Version 17
VisualStudioVersion = 17.4.33103.184
MinimumVisualStudioVersion = 10.0.40219.1
Project("{FAE04EC0-301F-11D3-BF4B-00C04F79EFBC}") = "CompanyTestProjectTest", "CompanyTestProjectTest\CompanyTestProjectTest.csproj", "{A78ACF91-B351-4AF5-935A-47A346F039BF}"
EndProject
Project("{FAE04EC0-301F-11D3-BF4B-00C04F79EFBC}") = "CompanyTestProject.Domain", "CompanyTestProject.Domain\CompanyTestProject.Domain.csproj", "{CCD54811-2A50-416C-BEC0-829BD9CB08E4}"
EndProject
Project("{FAE04EC0-301F-11D3-BF4B-00C04F79EFBC}") = "CompanyTestProject.Application", "CompanyTestProject.Application\CompanyTestProject.Application.csproj", "{D64B3AFF-EEAF-47E2-A7B7-45EB3C9ED90A}"
EndProject
Project("{FAE04EC0-301F-11D3-BF4B-00C04F79EFBC}") = "CompanyTestProject.Infrustructure", "CompanyTestProject.Infrustructure\CompanyTestProject.Infrustructure.csproj", "{5241DD77-9446-40DF-92CB-EC58366C8211}"
EndProject
Project("{FAE04EC0-301F-11D3-BF4B-00C04F79EFBC}") = "CompanyTestProject.WebApi", "CompanyTestProject.WebApi\CompanyTestProject.WebApi.csproj", "{EBE6A230-CF23-4F01-9E6A-A9B0F5720386}"
EndProject
Global
	GlobalSection(SolutionConfigurationPlatforms) = preSolution
		Debug|Any CPU = Debug|Any CPU
		Release|Any CPU = Release|Any CPU
	EndGlobalSection
	GlobalSection(ProjectConfigurationPlatforms) = postSolution
		{A78ACF91-B351-4AF5-935A-47A346F039BF}.Debug|Any CPU.ActiveCfg = Debug|Any CPU
		{A78ACF91-B351-4AF5-935A-47A346F039BF}.Debug|Any CPU.Build.0 = Debug|Any CPU
		{A78ACF91-B351-4AF5-935A-47A346F039BF}.Release|Any CPU.ActiveCfg = Release|Any CPU
		{A78ACF91-B351-4AF5-935A-47A346F039BF}.Release|Any CPU.Build.0 = Release|Any CPU
		{CCD54811-2A50-416C-BEC0-829BD9CB08E4}.Debug|Any CPU.ActiveCfg = Debug|Any CPU
		{CCD54811-2A50-416C-BEC0-829BD9CB08E4}.Debug|Any CPU.Build.0 = Debug|Any CPU
		{CCD54811-2A50-416C-BEC0-829BD9CB08E4}.Release|Any CPU.ActiveCfg = Release|Any CPU
		{CCD54811-2A50-416C-BEC0-829BD9CB08E4}.Release|Any CPU.Build.0 = Release|Any CPU
		{D64B3AFF-EEAF-47E2-A7B7-45EB3C9ED90A}.Debug|Any CPU.ActiveCfg = Debug|Any CPU
		{D64B3AFF-EEAF-47E2-A7B7-45EB3C9ED90A}.Debug|Any CPU.Build.0 = Debug|Any CPU
		{D64B3AFF-EEAF-47E2-A7B7-45EB3C9ED90A}.Release|Any CPU.ActiveCfg = Release|Any CPU
		{D64B3AFF-EEAF-47E2-A7B7-45EB3C9ED90A}.Release|Any CPU.Build.0 = Release|Any CPU
		{5241DD77-9446-40DF-92CB-EC58366C8211}.Debug|Any CPU.ActiveCfg = Debug|Any CPU
		{5241DD77-9446-40DF-92CB-EC58366C8211}.Debug|Any CPU.Build.0 = Debug|Any CPU
		{5241DD77-9446-40DF-92CB-EC58366C8211}.Release|Any CPU.ActiveCfg = Release|Any CPU
		{5241DD77-9446-40DF-92CB-EC58366C8211}.Release|Any CPU.Build.0 = Release|Any CPU
		{EBE6A230-CF23-4F01-9E6A-A9B0F5720386}.Debug|Any CPU.ActiveCfg = Debug|Any CPU
		{EBE6A230-CF23-4F01-9E6A-A9B0F5720386}.Debug|Any CPU.Build.0 = Debug|Any CPU
		{EBE6A230-CF23-4F01-9E6A-A9B0F5720386}.Release|Any CPU.ActiveCfg = Release|Any CPU
		{EBE6A230-CF23-4F01-9E6A-A9B0F5720386}.Release|Any CPU.Build.0 = Release|Any CPU
	EndGlobalSection
	GlobalSection(SolutionProperties) = preSolution
		HideSolutionNode = FALSE
	EndGlobalSection
	GlobalSection(ExtensibilityGlobals) = postSolution
		SolutionGuid = {D542C723-12CB-42CF-B597-6F29DFAB3F81}
	EndGlobalSection
EndGlobal
